
Microsoft Visual Studio Solution File, Format Version 12.00
# Visual Studio Version 17
VisualStudioVersion = 17.4.33205.214
MinimumVisualStudioVersion = 10.0.40219.1
Project("{FAE04EC0-301F-11D3-BF4B-00C04F79EFBC}") = "TPAjedrez", "TPAjedrez\TPAjedrez.csproj", "{F9B79784-0109-47E6-A0FA-0A98D5F4E802}"
EndProject
Project("{FAE04EC0-301F-11D3-BF4B-00C04F79EFBC}") = "TPAjedrezForm", "TPAjedrezForm\TPAjedrezForm.csproj", "{465083FA-B272-40F5-ABFA-B3255BCC3B45}"
EndProject
Global
	GlobalSection(SolutionConfigurationPlatforms) = preSolution
		Debug|Any CPU = Debug|Any CPU
		Release|Any CPU = Release|Any CPU
	EndGlobalSection
	GlobalSection(ProjectConfigurationPlatforms) = postSolution
		{F9B79784-0109-47E6-A0FA-0A98D5F4E802}.Debug|Any CPU.ActiveCfg = Debug|Any CPU
		{F9B79784-0109-47E6-A0FA-0A98D5F4E802}.Debug|Any CPU.Build.0 = Debug|Any CPU
		{F9B79784-0109-47E6-A0FA-0A98D5F4E802}.Release|Any CPU.ActiveCfg = Release|Any CPU
		{F9B79784-0109-47E6-A0FA-0A98D5F4E802}.Release|Any CPU.Build.0 = Release|Any CPU
		{465083FA-B272-40F5-ABFA-B3255BCC3B45}.Debug|Any CPU.ActiveCfg = Debug|Any CPU
		{465083FA-B272-40F5-ABFA-B3255BCC3B45}.Debug|Any CPU.Build.0 = Debug|Any CPU
		{465083FA-B272-40F5-ABFA-B3255BCC3B45}.Release|Any CPU.ActiveCfg = Release|Any CPU
		{465083FA-B272-40F5-ABFA-B3255BCC3B45}.Release|Any CPU.Build.0 = Release|Any CPU
	EndGlobalSection
	GlobalSection(SolutionProperties) = preSolution
		HideSolutionNode = FALSE
	EndGlobalSection
	GlobalSection(ExtensibilityGlobals) = postSolution
		SolutionGuid = {2C3385D6-0318-40C3-8CC3-1B17B7038FB0}
	EndGlobalSection
EndGlobal
